
Microsoft Visual Studio Solution File, Format Version 12.00
# Visual Studio Version 16
VisualStudioVersion = 16.0.31005.135
MinimumVisualStudioVersion = 10.0.40219.1
Project("{8BC9CEB8-8B4A-11D0-8D11-00A0C91BC942}") = "Eurocat", "Eurocat\Eurocat.vcxproj", "{F45B6B38-FFC3-49F0-AA77-B5333B4E8DC2}"
EndProject
Project("{8BC9CEB8-8B4A-11D0-8D11-00A0C91BC942}") = "EurocatTests", "EurocatTests\EurocatTests.vcxproj", "{6743A7AE-7062-4299-974B-C21E9F2E92EA}"
EndProject
Global
	GlobalSection(SolutionConfigurationPlatforms) = preSolution
		Debug|x64 = Debug|x64
		Debug|x86 = Debug|x86
		Release|x64 = Release|x64
		Release|x86 = Release|x86
	EndGlobalSection
	GlobalSection(ProjectConfigurationPlatforms) = postSolution
		{F45B6B38-FFC3-49F0-AA77-B5333B4E8DC2}.Debug|x64.ActiveCfg = Debug|x64
		{F45B6B38-FFC3-49F0-AA77-B5333B4E8DC2}.Debug|x64.Build.0 = Debug|x64
		{F45B6B38-FFC3-49F0-AA77-B5333B4E8DC2}.Debug|x86.ActiveCfg = Debug|Win32
		{F45B6B38-FFC3-49F0-AA77-B5333B4E8DC2}.Debug|x86.Build.0 = Debug|Win32
		{F45B6B38-FFC3-49F0-AA77-B5333B4E8DC2}.Release|x64.ActiveCfg = Release|x64
		{F45B6B38-FFC3-49F0-AA77-B5333B4E8DC2}.Release|x64.Build.0 = Release|x64
		{F45B6B38-FFC3-49F0-AA77-B5333B4E8DC2}.Release|x86.ActiveCfg = Release|Win32
		{F45B6B38-FFC3-49F0-AA77-B5333B4E8DC2}.Release|x86.Build.0 = Release|Win32
		{6743A7AE-7062-4299-974B-C21E9F2E92EA}.Debug|x64.ActiveCfg = Debug|x64
		{6743A7AE-7062-4299-974B-C21E9F2E92EA}.Debug|x64.Build.0 = Debug|x64
		{6743A7AE-7062-4299-974B-C21E9F2E92EA}.Debug|x86.ActiveCfg = Debug|Win32
		{6743A7AE-7062-4299-974B-C21E9F2E92EA}.Debug|x86.Build.0 = Debug|Win32
		{6743A7AE-7062-4299-974B-C21E9F2E92EA}.Release|x64.ActiveCfg = Release|x64
		{6743A7AE-7062-4299-974B-C21E9F2E92EA}.Release|x64.Build.0 = Release|x64
		{6743A7AE-7062-4299-974B-C21E9F2E92EA}.Release|x86.ActiveCfg = Release|Win32
		{6743A7AE-7062-4299-974B-C21E9F2E92EA}.Release|x86.Build.0 = Release|Win32
	EndGlobalSection
	GlobalSection(SolutionProperties) = preSolution
		HideSolutionNode = FALSE
	EndGlobalSection
	GlobalSection(ExtensibilityGlobals) = postSolution
		SolutionGuid = {360876A5-A96D-4AD5-A356-0DD0E1C52468}
	EndGlobalSection
EndGlobal
